
Microsoft Visual Studio Solution File, Format Version 12.00
# Visual Studio 15
VisualStudioVersion = 15.0.28307.329
MinimumVisualStudioVersion = 10.0.40219.1
Project("{FAE04EC0-301F-11D3-BF4B-00C04F79EFBC}") = "Task1ChessBoard", "ElementaryTasks\Task1ChessBoard.csproj", "{7E482697-286D-4347-8BBC-F839EAF93CCF}"
EndProject
Project("{FAE04EC0-301F-11D3-BF4B-00C04F79EFBC}") = "Task2EnvelopeAnalysis", "Task2EnvelopeAnalysis\Task2EnvelopeAnalysis.csproj", "{1574CC80-833D-41FB-ADB9-9A9DC3D153A9}"
EndProject
Global
	GlobalSection(SolutionConfigurationPlatforms) = preSolution
		Debug|Any CPU = Debug|Any CPU
		Release|Any CPU = Release|Any CPU
	EndGlobalSection
	GlobalSection(ProjectConfigurationPlatforms) = postSolution
		{7E482697-286D-4347-8BBC-F839EAF93CCF}.Debug|Any CPU.ActiveCfg = Debug|Any CPU
		{7E482697-286D-4347-8BBC-F839EAF93CCF}.Debug|Any CPU.Build.0 = Debug|Any CPU
		{7E482697-286D-4347-8BBC-F839EAF93CCF}.Release|Any CPU.ActiveCfg = Release|Any CPU
		{7E482697-286D-4347-8BBC-F839EAF93CCF}.Release|Any CPU.Build.0 = Release|Any CPU
		{1574CC80-833D-41FB-ADB9-9A9DC3D153A9}.Debug|Any CPU.ActiveCfg = Debug|Any CPU
		{1574CC80-833D-41FB-ADB9-9A9DC3D153A9}.Debug|Any CPU.Build.0 = Debug|Any CPU
		{1574CC80-833D-41FB-ADB9-9A9DC3D153A9}.Release|Any CPU.ActiveCfg = Release|Any CPU
		{1574CC80-833D-41FB-ADB9-9A9DC3D153A9}.Release|Any CPU.Build.0 = Release|Any CPU
	EndGlobalSection
	GlobalSection(SolutionProperties) = preSolution
		HideSolutionNode = FALSE
	EndGlobalSection
	GlobalSection(ExtensibilityGlobals) = postSolution
		SolutionGuid = {8C222F7C-FC40-47B2-9C30-D19BA3AA17A4}
	EndGlobalSection
EndGlobal
